
Microsoft Visual Studio Solution File, Format Version 12.00
# Visual Studio Version 16
VisualStudioVersion = 16.0.31229.75
MinimumVisualStudioVersion = 10.0.40219.1
Project("{8BC9CEB8-8B4A-11D0-8D11-00A0C91BC942}") = "Assignment1", "Assignment1\Assignment1.vcxproj", "{5722AD35-8A77-4284-8A2C-8BCEF2F89209}"
EndProject
Project("{8BC9CEB8-8B4A-11D0-8D11-00A0C91BC942}") = "Assignment2", "Assignment2\Assignment2.vcxproj", "{DB108E46-9AC1-4806-908F-A129A20DBA77}"
EndProject
Project("{8BC9CEB8-8B4A-11D0-8D11-00A0C91BC942}") = "Assignment4", "Assignment4\Assignment3.vcxproj", "{6DABCFBB-C574-4FD1-B460-06A4454A0C12}"
EndProject
Project("{8BC9CEB8-8B4A-11D0-8D11-00A0C91BC942}") = "Assignment5a", "Assignment5a\Assignment5a.vcxproj", "{51255DD7-7644-4AA6-94C8-ED37BD201206}"
EndProject
Project("{8BC9CEB8-8B4A-11D0-8D11-00A0C91BC942}") = "Assignment5b", "Assignment5b\Assignment5b.vcxproj", "{C5A79AD2-5D21-4928-B72B-6DE408892148}"
EndProject
Project("{8BC9CEB8-8B4A-11D0-8D11-00A0C91BC942}") = "Assignment6a", "Assignment6a\Assignment6a.vcxproj", "{122813F0-7032-4035-BE54-5B6CB64755D5}"
EndProject
Project("{8BC9CEB8-8B4A-11D0-8D11-00A0C91BC942}") = "Assignment7a", "Assignment7a\Assignment7a.vcxproj", "{79572046-D43D-4B5C-BD9B-2CBD65F373A3}"
EndProject
Global
	GlobalSection(SolutionConfigurationPlatforms) = preSolution
		Debug|x64 = Debug|x64
		Debug|x86 = Debug|x86
		Release|x64 = Release|x64
		Release|x86 = Release|x86
	EndGlobalSection
	GlobalSection(ProjectConfigurationPlatforms) = postSolution
		{5722AD35-8A77-4284-8A2C-8BCEF2F89209}.Debug|x64.ActiveCfg = Debug|x64
		{5722AD35-8A77-4284-8A2C-8BCEF2F89209}.Debug|x64.Build.0 = Debug|x64
		{5722AD35-8A77-4284-8A2C-8BCEF2F89209}.Debug|x86.ActiveCfg = Debug|Win32
		{5722AD35-8A77-4284-8A2C-8BCEF2F89209}.Debug|x86.Build.0 = Debug|Win32
		{5722AD35-8A77-4284-8A2C-8BCEF2F89209}.Release|x64.ActiveCfg = Release|x64
		{5722AD35-8A77-4284-8A2C-8BCEF2F89209}.Release|x64.Build.0 = Release|x64
		{5722AD35-8A77-4284-8A2C-8BCEF2F89209}.Release|x86.ActiveCfg = Release|Win32
		{5722AD35-8A77-4284-8A2C-8BCEF2F89209}.Release|x86.Build.0 = Release|Win32
		{DB108E46-9AC1-4806-908F-A129A20DBA77}.Debug|x64.ActiveCfg = Debug|x64
		{DB108E46-9AC1-4806-908F-A129A20DBA77}.Debug|x64.Build.0 = Debug|x64
		{DB108E46-9AC1-4806-908F-A129A20DBA77}.Debug|x86.ActiveCfg = Debug|Win32
		{DB108E46-9AC1-4806-908F-A129A20DBA77}.Debug|x86.Build.0 = Debug|Win32
		{DB108E46-9AC1-4806-908F-A129A20DBA77}.Release|x64.ActiveCfg = Release|x64
		{DB108E46-9AC1-4806-908F-A129A20DBA77}.Release|x64.Build.0 = Release|x64
		{DB108E46-9AC1-4806-908F-A129A20DBA77}.Release|x86.ActiveCfg = Release|Win32
		{DB108E46-9AC1-4806-908F-A129A20DBA77}.Release|x86.Build.0 = Release|Win32
		{6DABCFBB-C574-4FD1-B460-06A4454A0C12}.Debug|x64.ActiveCfg = Debug|x64
		{6DABCFBB-C574-4FD1-B460-06A4454A0C12}.Debug|x64.Build.0 = Debug|x64
		{6DABCFBB-C574-4FD1-B460-06A4454A0C12}.Debug|x86.ActiveCfg = Debug|Win32
		{6DABCFBB-C574-4FD1-B460-06A4454A0C12}.Debug|x86.Build.0 = Debug|Win32
		{6DABCFBB-C574-4FD1-B460-06A4454A0C12}.Release|x64.ActiveCfg = Release|x64
		{6DABCFBB-C574-4FD1-B460-06A4454A0C12}.Release|x64.Build.0 = Release|x64
		{6DABCFBB-C574-4FD1-B460-06A4454A0C12}.Release|x86.ActiveCfg = Release|Win32
		{6DABCFBB-C574-4FD1-B460-06A4454A0C12}.Release|x86.Build.0 = Release|Win32
		{51255DD7-7644-4AA6-94C8-ED37BD201206}.Debug|x64.ActiveCfg = Debug|x64
		{51255DD7-7644-4AA6-94C8-ED37BD201206}.Debug|x64.Build.0 = Debug|x64
		{51255DD7-7644-4AA6-94C8-ED37BD201206}.Debug|x86.ActiveCfg = Debug|Win32
		{51255DD7-7644-4AA6-94C8-ED37BD201206}.Debug|x86.Build.0 = Debug|Win32
		{51255DD7-7644-4AA6-94C8-ED37BD201206}.Release|x64.ActiveCfg = Release|x64
		{51255DD7-7644-4AA6-94C8-ED37BD201206}.Release|x64.Build.0 = Release|x64
		{51255DD7-7644-4AA6-94C8-ED37BD201206}.Release|x86.ActiveCfg = Release|Win32
		{51255DD7-7644-4AA6-94C8-ED37BD201206}.Release|x86.Build.0 = Release|Win32
		{C5A79AD2-5D21-4928-B72B-6DE408892148}.Debug|x64.ActiveCfg = Debug|x64
		{C5A79AD2-5D21-4928-B72B-6DE408892148}.Debug|x64.Build.0 = Debug|x64
		{C5A79AD2-5D21-4928-B72B-6DE408892148}.Debug|x86.ActiveCfg = Debug|Win32
		{C5A79AD2-5D21-4928-B72B-6DE408892148}.Debug|x86.Build.0 = Debug|Win32
		{C5A79AD2-5D21-4928-B72B-6DE408892148}.Release|x64.ActiveCfg = Release|x64
		{C5A79AD2-5D21-4928-B72B-6DE408892148}.Release|x64.Build.0 = Release|x64
		{C5A79AD2-5D21-4928-B72B-6DE408892148}.Release|x86.ActiveCfg = Release|Win32
		{C5A79AD2-5D21-4928-B72B-6DE408892148}.Release|x86.Build.0 = Release|Win32
		{122813F0-7032-4035-BE54-5B6CB64755D5}.Debug|x64.ActiveCfg = Debug|x64
		{122813F0-7032-4035-BE54-5B6CB64755D5}.Debug|x64.Build.0 = Debug|x64
		{122813F0-7032-4035-BE54-5B6CB64755D5}.Debug|x86.ActiveCfg = Debug|Win32
		{122813F0-7032-4035-BE54-5B6CB64755D5}.Debug|x86.Build.0 = Debug|Win32
		{122813F0-7032-4035-BE54-5B6CB64755D5}.Release|x64.ActiveCfg = Release|x64
		{122813F0-7032-4035-BE54-5B6CB64755D5}.Release|x64.Build.0 = Release|x64
		{122813F0-7032-4035-BE54-5B6CB64755D5}.Release|x86.ActiveCfg = Release|Win32
		{122813F0-7032-4035-BE54-5B6CB64755D5}.Release|x86.Build.0 = Release|Win32
		{79572046-D43D-4B5C-BD9B-2CBD65F373A3}.Debug|x64.ActiveCfg = Debug|x64
		{79572046-D43D-4B5C-BD9B-2CBD65F373A3}.Debug|x64.Build.0 = Debug|x64
		{79572046-D43D-4B5C-BD9B-2CBD65F373A3}.Debug|x86.ActiveCfg = Debug|Win32
		{79572046-D43D-4B5C-BD9B-2CBD65F373A3}.Debug|x86.Build.0 = Debug|Win32
		{79572046-D43D-4B5C-BD9B-2CBD65F373A3}.Release|x64.ActiveCfg = Release|x64
		{79572046-D43D-4B5C-BD9B-2CBD65F373A3}.Release|x64.Build.0 = Release|x64
		{79572046-D43D-4B5C-BD9B-2CBD65F373A3}.Release|x86.ActiveCfg = Release|Win32
		{79572046-D43D-4B5C-BD9B-2CBD65F373A3}.Release|x86.Build.0 = Release|Win32
	EndGlobalSection
	GlobalSection(SolutionProperties) = preSolution
		HideSolutionNode = FALSE
	EndGlobalSection
	GlobalSection(ExtensibilityGlobals) = postSolution
		SolutionGuid = {0B0AAE05-A9B0-423E-8BFE-126D9519A62F}
	EndGlobalSection
EndGlobal
